
Microsoft Visual Studio Solution File, Format Version 12.00
# Visual Studio Version 17
VisualStudioVersion = 17.7.34024.191
MinimumVisualStudioVersion = 10.0.40219.1
Project("{8BC9CEB8-8B4A-11D0-8D11-00A0C91BC942}") = "Server_part 3.0", "Server_part 3.0\Server_part 3.0.vcxproj", "{3E7F7BEE-EBC3-4AE4-A47F-5942E12A3218}"
EndProject
Global
	GlobalSection(SolutionConfigurationPlatforms) = preSolution
		Debug|x64 = Debug|x64
		Debug|x86 = Debug|x86
		Release|x64 = Release|x64
		Release|x86 = Release|x86
	EndGlobalSection
	GlobalSection(ProjectConfigurationPlatforms) = postSolution
		{3E7F7BEE-EBC3-4AE4-A47F-5942E12A3218}.Debug|x64.ActiveCfg = Debug|x64
		{3E7F7BEE-EBC3-4AE4-A47F-5942E12A3218}.Debug|x64.Build.0 = Debug|x64
		{3E7F7BEE-EBC3-4AE4-A47F-5942E12A3218}.Debug|x86.ActiveCfg = Debug|Win32
		{3E7F7BEE-EBC3-4AE4-A47F-5942E12A3218}.Debug|x86.Build.0 = Debug|Win32
		{3E7F7BEE-EBC3-4AE4-A47F-5942E12A3218}.Release|x64.ActiveCfg = Release|x64
		{3E7F7BEE-EBC3-4AE4-A47F-5942E12A3218}.Release|x64.Build.0 = Release|x64
		{3E7F7BEE-EBC3-4AE4-A47F-5942E12A3218}.Release|x86.ActiveCfg = Release|Win32
		{3E7F7BEE-EBC3-4AE4-A47F-5942E12A3218}.Release|x86.Build.0 = Release|Win32
	EndGlobalSection
	GlobalSection(SolutionProperties) = preSolution
		HideSolutionNode = FALSE
	EndGlobalSection
	GlobalSection(ExtensibilityGlobals) = postSolution
		SolutionGuid = {0A0CB286-4B42-4D00-B890-58D03094B014}
	EndGlobalSection
EndGlobal
